
Microsoft Visual Studio Solution File, Format Version 12.00
# Visual Studio 14
VisualStudioVersion = 14.0.25420.1
MinimumVisualStudioVersion = 10.0.40219.1
Project("{FAE04EC0-301F-11D3-BF4B-00C04F79EFBC}") = "GenerateRandomData", "GenerateRandomData\GenerateRandomData.csproj", "{2C38101B-7080-4FA0-B43A-4CAA23E354BD}"
EndProject
Global
	GlobalSection(SolutionConfigurationPlatforms) = preSolution
		Debug|Any CPU = Debug|Any CPU
		Release|Any CPU = Release|Any CPU
	EndGlobalSection
	GlobalSection(ProjectConfigurationPlatforms) = postSolution
		{2C38101B-7080-4FA0-B43A-4CAA23E354BD}.Debug|Any CPU.ActiveCfg = Debug|Any CPU
		{2C38101B-7080-4FA0-B43A-4CAA23E354BD}.Debug|Any CPU.Build.0 = Debug|Any CPU
		{2C38101B-7080-4FA0-B43A-4CAA23E354BD}.Release|Any CPU.ActiveCfg = Release|Any CPU
		{2C38101B-7080-4FA0-B43A-4CAA23E354BD}.Release|Any CPU.Build.0 = Release|Any CPU
	EndGlobalSection
	GlobalSection(SolutionProperties) = preSolution
		HideSolutionNode = FALSE
	EndGlobalSection
EndGlobal
